
Microsoft Visual Studio Solution File, Format Version 12.00
Project("{FAE04EC0-301F-11D3-BF4B-00C04F79EFBC}") = "WebUI", "WebUI\WebUI.csproj", "{71B501C0-D0D4-45A1-81D0-A1AAF86FD7A4}"
EndProject
Project("{FAE04EC0-301F-11D3-BF4B-00C04F79EFBC}") = "Data", "Data\Data.csproj", "{C353B7DD-EBB7-452B-ABF2-35AC563F14FB}"
EndProject
Project("{FAE04EC0-301F-11D3-BF4B-00C04F79EFBC}") = "Base", "Base\Base.csproj", "{E8954EB8-692B-46DD-8131-B18EBCA493A3}"
EndProject
Project("{FAE04EC0-301F-11D3-BF4B-00C04F79EFBC}") = "Domain", "Domain\Domain.csproj", "{7CD8B5E7-B1F2-4677-841B-B09E80EC579C}"
EndProject
Project("{FAE04EC0-301F-11D3-BF4B-00C04F79EFBC}") = "PostgresData", "PostgresData\PostgresData.csproj", "{9E845EE0-E4EC-4CA4-91C4-06B514987F82}"
EndProject
Project("{FAE04EC0-301F-11D3-BF4B-00C04F79EFBC}") = "Handlers", "Handlers\Handlers.csproj", "{245D37CB-C621-4657-BA42-1F659E5E200A}"
EndProject
Global
	GlobalSection(SolutionConfigurationPlatforms) = preSolution
		Debug|Any CPU = Debug|Any CPU
		Release|Any CPU = Release|Any CPU
	EndGlobalSection
	GlobalSection(ProjectConfigurationPlatforms) = postSolution
		{71B501C0-D0D4-45A1-81D0-A1AAF86FD7A4}.Debug|Any CPU.ActiveCfg = Debug|Any CPU
		{71B501C0-D0D4-45A1-81D0-A1AAF86FD7A4}.Debug|Any CPU.Build.0 = Debug|Any CPU
		{71B501C0-D0D4-45A1-81D0-A1AAF86FD7A4}.Release|Any CPU.ActiveCfg = Release|Any CPU
		{71B501C0-D0D4-45A1-81D0-A1AAF86FD7A4}.Release|Any CPU.Build.0 = Release|Any CPU
		{71B501C0-D0D4-45A1-81D0-A1AAF86FD7A4}.Release|Any CPU.Deploy.0 = Release|Any CPU
		{C353B7DD-EBB7-452B-ABF2-35AC563F14FB}.Debug|Any CPU.ActiveCfg = Debug|Any CPU
		{C353B7DD-EBB7-452B-ABF2-35AC563F14FB}.Debug|Any CPU.Build.0 = Debug|Any CPU
		{C353B7DD-EBB7-452B-ABF2-35AC563F14FB}.Release|Any CPU.ActiveCfg = Release|Any CPU
		{C353B7DD-EBB7-452B-ABF2-35AC563F14FB}.Release|Any CPU.Build.0 = Release|Any CPU
		{E8954EB8-692B-46DD-8131-B18EBCA493A3}.Debug|Any CPU.ActiveCfg = Debug|Any CPU
		{E8954EB8-692B-46DD-8131-B18EBCA493A3}.Debug|Any CPU.Build.0 = Debug|Any CPU
		{E8954EB8-692B-46DD-8131-B18EBCA493A3}.Release|Any CPU.ActiveCfg = Release|Any CPU
		{E8954EB8-692B-46DD-8131-B18EBCA493A3}.Release|Any CPU.Build.0 = Release|Any CPU
		{7CD8B5E7-B1F2-4677-841B-B09E80EC579C}.Debug|Any CPU.ActiveCfg = Debug|Any CPU
		{7CD8B5E7-B1F2-4677-841B-B09E80EC579C}.Debug|Any CPU.Build.0 = Debug|Any CPU
		{7CD8B5E7-B1F2-4677-841B-B09E80EC579C}.Release|Any CPU.ActiveCfg = Release|Any CPU
		{7CD8B5E7-B1F2-4677-841B-B09E80EC579C}.Release|Any CPU.Build.0 = Release|Any CPU
		{9E845EE0-E4EC-4CA4-91C4-06B514987F82}.Debug|Any CPU.ActiveCfg = Debug|Any CPU
		{9E845EE0-E4EC-4CA4-91C4-06B514987F82}.Debug|Any CPU.Build.0 = Debug|Any CPU
		{9E845EE0-E4EC-4CA4-91C4-06B514987F82}.Release|Any CPU.ActiveCfg = Release|Any CPU
		{9E845EE0-E4EC-4CA4-91C4-06B514987F82}.Release|Any CPU.Build.0 = Release|Any CPU
		{245D37CB-C621-4657-BA42-1F659E5E200A}.Debug|Any CPU.ActiveCfg = Debug|Any CPU
		{245D37CB-C621-4657-BA42-1F659E5E200A}.Debug|Any CPU.Build.0 = Debug|Any CPU
		{245D37CB-C621-4657-BA42-1F659E5E200A}.Release|Any CPU.ActiveCfg = Release|Any CPU
		{245D37CB-C621-4657-BA42-1F659E5E200A}.Release|Any CPU.Build.0 = Release|Any CPU
	EndGlobalSection
EndGlobal
